<?xml version="1.0" encoding="utf-8"?>
<Project ToolsVersion="4.0" xmlns="http://schemas.microsoft.com/developer/msbuild/2003">
  <ItemGroup>
    <Library Include="..\Debug\Win32TRDP.lib" />
  </ItemGroup>
  <ItemGroup>
    <Filter Include="Source Files">
      <UniqueIdentifier>{0392e99c-732a-4904-a124-66f47a7dcf62}</UniqueIdentifier>
    </Filter>
  </ItemGroup>
  <ItemGroup>
    <ClCompile Include="..\..\test\marshalling\test_marshalling.c">
      <Filter>Source Files</Filter>
    </ClCompile>
  </ItemGroup>
</Project>