<?xml version="1.0" encoding="utf-8"?>
<Project ToolsVersion="4.0" xmlns="http://schemas.microsoft.com/developer/msbuild/2003">
  <ItemGroup>
    <ClCompile Include="..\..\resources\windows\getopt\getopt.c">
      <Filter>Source Files</Filter>
    </ClCompile>
    <ClCompile Include="..\..\test\marshalling\trdp_reserved.c">
      <Filter>Source Files</Filter>
    </ClCompile>
    <ClCompile Include="..\..\test\marshalling\getStatsMarshall.c">
      <Filter>Source Files</Filter>
    </ClCompile>
  </ItemGroup>
  <ItemGroup>
    <Library Include="..\Debug\Win32TRDP.lib" />
  </ItemGroup>
  <ItemGroup>
    <Filter Include="Source Files">
      <UniqueIdentifier>{faca6827-7478-41c3-ab2f-5ed85ac09a64}</UniqueIdentifier>
    </Filter>
  </ItemGroup>
</Project>