<?xml version="1.0" encoding="utf-8"?>
<Project ToolsVersion="4.0" xmlns="http://schemas.microsoft.com/developer/msbuild/2003">
  <ItemGroup>
    <ClCompile Include="..\..\test\xml\trdp-xmlprint-test.c">
      <Filter>Source Files</Filter>
    </ClCompile>
    <ClCompile Include="..\..\resources\windows\getopt\getopt.c">
      <Filter>Source Files</Filter>
    </ClCompile>
  </ItemGroup>
  <ItemGroup>
    <Library Include="..\Debug\Win32TRDP.lib" />
  </ItemGroup>
  <ItemGroup>
    <Filter Include="Source Files">
      <UniqueIdentifier>{10e02000-a283-4681-aa20-bfda707c65bb}</UniqueIdentifier>
    </Filter>
  </ItemGroup>
</Project>