
Microsoft Visual Studio Solution File, Format Version 11.00
# Visual C++ Express 2010
Project("{8BC9CEB8-8B4A-11D0-8D11-00A0C91BC942}") = "WIN32TRDP_Tests", "Win32TRDP_Tests\Win32TRDP_Tests.vcxproj", "{8238C177-25D0-42E3-AD8E-3A4E61CFA079}"
EndProject
Project("{8BC9CEB8-8B4A-11D0-8D11-00A0C91BC942}") = "Win32TRDP_PDTest", "Win32TRDP_PDTest\Win32TRDP_PDTest.vcxproj", "{EF516E67-31DF-402D-8910-813FDF55965C}"
EndProject
Project("{8BC9CEB8-8B4A-11D0-8D11-00A0C91BC942}") = "Win32TRDP", "Win32TRDP\Win32TRDP.vcxproj", "{4E059552-03FF-4EE4-A868-C2253289E9F6}"
EndProject
Project("{8BC9CEB8-8B4A-11D0-8D11-00A0C91BC942}") = "Win32TRDP_XMLPDTest", "Win32TRDP_XMLPDTest\Win32TRDP_XMLPDTest.vcxproj", "{DDBD7C18-B718-472C-8D18-BE40D887DD7C}"
EndProject
Project("{8BC9CEB8-8B4A-11D0-8D11-00A0C91BC942}") = "Win32TRDP_XMLPrintTest", "Win32TRDP_XMLPrintTest\Win32TRDP_XMLPrintTest.vcxproj", "{DAFEC8FC-11D2-4134-8BD5-AE62EDF07B25}"
EndProject
Project("{8BC9CEB8-8B4A-11D0-8D11-00A0C91BC942}") = "Win32TRDP_MarshallTest", "Win32TRDP_MarshallTest\Win32TRDP_MarshallTest.vcxproj", "{56100B24-1CD7-4767-8972-83CB14931DB6}"
EndProject
Project("{8BC9CEB8-8B4A-11D0-8D11-00A0C91BC942}") = "Win32TRDP_TrafficShapingTest", "Win32TRDP_TrafficShapingTest\Win32TRDP_TrafficShapingTest.vcxproj", "{4023DD57-7FE6-4DE8-8A2A-030D2DEAAA55}"
EndProject
Project("{8BC9CEB8-8B4A-11D0-8D11-00A0C91BC942}") = "Win32TRDP_StatisticsTest", "Win32TRDP_StatisticsTest\Win32TRDP_StatisticsTest.vcxproj", "{70FE6320-198B-41BF-BD97-9A69E96332CD}"
EndProject
<<<<<<< .mine
Project("{8BC9CEB8-8B4A-11D0-8D11-00A0C91BC942}") = "Win32TRDP_UDPMDTest", "Win32TRDP_UDPMDTest\Win32TRDP_UDPMDTest.vcxproj", "{ECEF1965-D05C-41BD-8DAC-C86E74655491}"
EndProject
=======
Project("{8BC9CEB8-8B4A-11D0-8D11-00A0C91BC942}") = "Win32TRDP_MDTest_Basic", "Win32TRDP_MDTest_Basic\Win32TRDP_MDTest_Basic.vcxproj", "{43B964A9-9C58-4E78-BA2B-BC6CC7651E10}"
EndProject
>>>>>>> .r482
Global
	GlobalSection(SolutionConfigurationPlatforms) = preSolution
		Debug|Win32 = Debug|Win32
		Release|Win32 = Release|Win32
	EndGlobalSection
	GlobalSection(ProjectConfigurationPlatforms) = postSolution
		{8238C177-25D0-42E3-AD8E-3A4E61CFA079}.Debug|Win32.ActiveCfg = Debug|Win32
		{8238C177-25D0-42E3-AD8E-3A4E61CFA079}.Debug|Win32.Build.0 = Debug|Win32
		{8238C177-25D0-42E3-AD8E-3A4E61CFA079}.Release|Win32.ActiveCfg = Release|Win32
		{8238C177-25D0-42E3-AD8E-3A4E61CFA079}.Release|Win32.Build.0 = Release|Win32
		{EF516E67-31DF-402D-8910-813FDF55965C}.Debug|Win32.ActiveCfg = Debug|Win32
		{EF516E67-31DF-402D-8910-813FDF55965C}.Debug|Win32.Build.0 = Debug|Win32
		{EF516E67-31DF-402D-8910-813FDF55965C}.Release|Win32.ActiveCfg = Release|Win32
		{EF516E67-31DF-402D-8910-813FDF55965C}.Release|Win32.Build.0 = Release|Win32
		{4E059552-03FF-4EE4-A868-C2253289E9F6}.Debug|Win32.ActiveCfg = Debug|Win32
		{4E059552-03FF-4EE4-A868-C2253289E9F6}.Debug|Win32.Build.0 = Debug|Win32
		{4E059552-03FF-4EE4-A868-C2253289E9F6}.Release|Win32.ActiveCfg = Release|Win32
		{4E059552-03FF-4EE4-A868-C2253289E9F6}.Release|Win32.Build.0 = Release|Win32
		{DDBD7C18-B718-472C-8D18-BE40D887DD7C}.Debug|Win32.ActiveCfg = Debug|Win32
		{DDBD7C18-B718-472C-8D18-BE40D887DD7C}.Debug|Win32.Build.0 = Debug|Win32
		{DDBD7C18-B718-472C-8D18-BE40D887DD7C}.Release|Win32.ActiveCfg = Release|Win32
		{DDBD7C18-B718-472C-8D18-BE40D887DD7C}.Release|Win32.Build.0 = Release|Win32
		{DAFEC8FC-11D2-4134-8BD5-AE62EDF07B25}.Debug|Win32.ActiveCfg = Debug|Win32
		{DAFEC8FC-11D2-4134-8BD5-AE62EDF07B25}.Debug|Win32.Build.0 = Debug|Win32
		{DAFEC8FC-11D2-4134-8BD5-AE62EDF07B25}.Release|Win32.ActiveCfg = Release|Win32
		{DAFEC8FC-11D2-4134-8BD5-AE62EDF07B25}.Release|Win32.Build.0 = Release|Win32
		{56100B24-1CD7-4767-8972-83CB14931DB6}.Debug|Win32.ActiveCfg = Debug|Win32
		{56100B24-1CD7-4767-8972-83CB14931DB6}.Debug|Win32.Build.0 = Debug|Win32
		{56100B24-1CD7-4767-8972-83CB14931DB6}.Release|Win32.ActiveCfg = Release|Win32
		{56100B24-1CD7-4767-8972-83CB14931DB6}.Release|Win32.Build.0 = Release|Win32
		{4023DD57-7FE6-4DE8-8A2A-030D2DEAAA55}.Debug|Win32.ActiveCfg = Debug|Win32
		{4023DD57-7FE6-4DE8-8A2A-030D2DEAAA55}.Debug|Win32.Build.0 = Debug|Win32
		{4023DD57-7FE6-4DE8-8A2A-030D2DEAAA55}.Release|Win32.ActiveCfg = Release|Win32
		{4023DD57-7FE6-4DE8-8A2A-030D2DEAAA55}.Release|Win32.Build.0 = Release|Win32
		{70FE6320-198B-41BF-BD97-9A69E96332CD}.Debug|Win32.ActiveCfg = Debug|Win32
		{70FE6320-198B-41BF-BD97-9A69E96332CD}.Debug|Win32.Build.0 = Debug|Win32
		{70FE6320-198B-41BF-BD97-9A69E96332CD}.Release|Win32.ActiveCfg = Release|Win32
		{70FE6320-198B-41BF-BD97-9A69E96332CD}.Release|Win32.Build.0 = Release|Win32
<<<<<<< .mine
		{ECEF1965-D05C-41BD-8DAC-C86E74655491}.Debug|Win32.ActiveCfg = Debug|Win32
		{ECEF1965-D05C-41BD-8DAC-C86E74655491}.Debug|Win32.Build.0 = Debug|Win32
		{ECEF1965-D05C-41BD-8DAC-C86E74655491}.Release|Win32.ActiveCfg = Release|Win32
		{ECEF1965-D05C-41BD-8DAC-C86E74655491}.Release|Win32.Build.0 = Release|Win32
=======
		{43B964A9-9C58-4E78-BA2B-BC6CC7651E10}.Debug|Win32.ActiveCfg = Debug|Win32
		{43B964A9-9C58-4E78-BA2B-BC6CC7651E10}.Debug|Win32.Build.0 = Debug|Win32
		{43B964A9-9C58-4E78-BA2B-BC6CC7651E10}.Release|Win32.ActiveCfg = Release|Win32
		{43B964A9-9C58-4E78-BA2B-BC6CC7651E10}.Release|Win32.Build.0 = Release|Win32
>>>>>>> .r482
	EndGlobalSection
	GlobalSection(SolutionProperties) = preSolution
		HideSolutionNode = FALSE
	EndGlobalSection
EndGlobal
